
Microsoft Visual Studio Solution File, Format Version 12.00
# Visual Studio 15
Project("{FAE04EC0-301F-11D3-BF4B-00C04F79EFBC}") = "Home.Engine", "Home.Engine\Home.Engine.csproj", "{E8101929-4D96-4706-8911-407CBA7765B2}"
EndProject
<<<<<<< HEAD
Project("{FAE04EC0-301F-11D3-BF4B-00C04F79EFBC}") = "Home.IOS", "Home.IOS\Home.IOS.csproj", "{CFEBE24C-1728-4E09-81A9-18AE1F8300E7}"
EndProject
Project("{FAE04EC0-301F-11D3-BF4B-00C04F79EFBC}") = "Home.Web", "Home.Web\Home.Web.csproj", "{080A8A1F-486B-40E2-98BA-67E325C0CDBA}"
=======
Project("{FAE04EC0-301F-11D3-BF4B-00C04F79EFBC}") = "Home.Center", "Home.Center\Home.Center.csproj", "{0462B816-01BC-47A2-BB82-D85011600164}"
>>>>>>> 185161f4a89d9d9360b88ecb2f88cfc28eb7001b
EndProject
Global
	GlobalSection(SolutionConfigurationPlatforms) = preSolution
		Debug|Any CPU = Debug|Any CPU
		Release|Any CPU = Release|Any CPU
		Debug|iPhoneSimulator = Debug|iPhoneSimulator
		Release|iPhoneSimulator = Release|iPhoneSimulator
		Debug|iPhone = Debug|iPhone
		Release|iPhone = Release|iPhone
	EndGlobalSection
	GlobalSection(ProjectConfigurationPlatforms) = postSolution
		{E8101929-4D96-4706-8911-407CBA7765B2}.Debug|Any CPU.ActiveCfg = Debug|Any CPU
		{E8101929-4D96-4706-8911-407CBA7765B2}.Debug|Any CPU.Build.0 = Debug|Any CPU
		{E8101929-4D96-4706-8911-407CBA7765B2}.Release|Any CPU.ActiveCfg = Release|Any CPU
		{E8101929-4D96-4706-8911-407CBA7765B2}.Release|Any CPU.Build.0 = Release|Any CPU
		{E8101929-4D96-4706-8911-407CBA7765B2}.Debug|iPhoneSimulator.ActiveCfg = Debug|Any CPU
		{E8101929-4D96-4706-8911-407CBA7765B2}.Debug|iPhoneSimulator.Build.0 = Debug|Any CPU
		{E8101929-4D96-4706-8911-407CBA7765B2}.Release|iPhoneSimulator.ActiveCfg = Release|Any CPU
		{E8101929-4D96-4706-8911-407CBA7765B2}.Release|iPhoneSimulator.Build.0 = Release|Any CPU
		{E8101929-4D96-4706-8911-407CBA7765B2}.Debug|iPhone.ActiveCfg = Debug|Any CPU
		{E8101929-4D96-4706-8911-407CBA7765B2}.Debug|iPhone.Build.0 = Debug|Any CPU
		{E8101929-4D96-4706-8911-407CBA7765B2}.Release|iPhone.ActiveCfg = Release|Any CPU
		{E8101929-4D96-4706-8911-407CBA7765B2}.Release|iPhone.Build.0 = Release|Any CPU
<<<<<<< HEAD
		{CFEBE24C-1728-4E09-81A9-18AE1F8300E7}.Debug|Any CPU.ActiveCfg = Debug|iPhoneSimulator
		{CFEBE24C-1728-4E09-81A9-18AE1F8300E7}.Debug|Any CPU.Build.0 = Debug|iPhoneSimulator
		{CFEBE24C-1728-4E09-81A9-18AE1F8300E7}.Release|Any CPU.ActiveCfg = Release|iPhoneSimulator
		{CFEBE24C-1728-4E09-81A9-18AE1F8300E7}.Release|Any CPU.Build.0 = Release|iPhoneSimulator
		{CFEBE24C-1728-4E09-81A9-18AE1F8300E7}.Debug|iPhoneSimulator.ActiveCfg = Debug|iPhoneSimulator
		{CFEBE24C-1728-4E09-81A9-18AE1F8300E7}.Debug|iPhoneSimulator.Build.0 = Debug|iPhoneSimulator
		{CFEBE24C-1728-4E09-81A9-18AE1F8300E7}.Release|iPhoneSimulator.ActiveCfg = Release|iPhoneSimulator
		{CFEBE24C-1728-4E09-81A9-18AE1F8300E7}.Release|iPhoneSimulator.Build.0 = Release|iPhoneSimulator
		{CFEBE24C-1728-4E09-81A9-18AE1F8300E7}.Debug|iPhone.ActiveCfg = Debug|iPhone
		{CFEBE24C-1728-4E09-81A9-18AE1F8300E7}.Debug|iPhone.Build.0 = Debug|iPhone
		{CFEBE24C-1728-4E09-81A9-18AE1F8300E7}.Release|iPhone.ActiveCfg = Release|iPhone
		{CFEBE24C-1728-4E09-81A9-18AE1F8300E7}.Release|iPhone.Build.0 = Release|iPhone
		{080A8A1F-486B-40E2-98BA-67E325C0CDBA}.Debug|Any CPU.ActiveCfg = Debug|Any CPU
		{080A8A1F-486B-40E2-98BA-67E325C0CDBA}.Debug|Any CPU.Build.0 = Debug|Any CPU
		{080A8A1F-486B-40E2-98BA-67E325C0CDBA}.Release|Any CPU.ActiveCfg = Release|Any CPU
		{080A8A1F-486B-40E2-98BA-67E325C0CDBA}.Release|Any CPU.Build.0 = Release|Any CPU
		{080A8A1F-486B-40E2-98BA-67E325C0CDBA}.Debug|iPhoneSimulator.ActiveCfg = Debug|Any CPU
		{080A8A1F-486B-40E2-98BA-67E325C0CDBA}.Debug|iPhoneSimulator.Build.0 = Debug|Any CPU
		{080A8A1F-486B-40E2-98BA-67E325C0CDBA}.Release|iPhoneSimulator.ActiveCfg = Release|Any CPU
		{080A8A1F-486B-40E2-98BA-67E325C0CDBA}.Release|iPhoneSimulator.Build.0 = Release|Any CPU
		{080A8A1F-486B-40E2-98BA-67E325C0CDBA}.Debug|iPhone.ActiveCfg = Debug|Any CPU
		{080A8A1F-486B-40E2-98BA-67E325C0CDBA}.Debug|iPhone.Build.0 = Debug|Any CPU
		{080A8A1F-486B-40E2-98BA-67E325C0CDBA}.Release|iPhone.ActiveCfg = Release|Any CPU
		{080A8A1F-486B-40E2-98BA-67E325C0CDBA}.Release|iPhone.Build.0 = Release|Any CPU
=======
		{0462B816-01BC-47A2-BB82-D85011600164}.Debug|Any CPU.ActiveCfg = Debug|Any CPU
		{0462B816-01BC-47A2-BB82-D85011600164}.Debug|Any CPU.Build.0 = Debug|Any CPU
		{0462B816-01BC-47A2-BB82-D85011600164}.Release|Any CPU.ActiveCfg = Release|Any CPU
		{0462B816-01BC-47A2-BB82-D85011600164}.Release|Any CPU.Build.0 = Release|Any CPU
		{0462B816-01BC-47A2-BB82-D85011600164}.Debug|iPhoneSimulator.ActiveCfg = Debug|Any CPU
		{0462B816-01BC-47A2-BB82-D85011600164}.Debug|iPhoneSimulator.Build.0 = Debug|Any CPU
		{0462B816-01BC-47A2-BB82-D85011600164}.Release|iPhoneSimulator.ActiveCfg = Release|Any CPU
		{0462B816-01BC-47A2-BB82-D85011600164}.Release|iPhoneSimulator.Build.0 = Release|Any CPU
		{0462B816-01BC-47A2-BB82-D85011600164}.Debug|iPhone.ActiveCfg = Debug|Any CPU
		{0462B816-01BC-47A2-BB82-D85011600164}.Debug|iPhone.Build.0 = Debug|Any CPU
		{0462B816-01BC-47A2-BB82-D85011600164}.Release|iPhone.ActiveCfg = Release|Any CPU
		{0462B816-01BC-47A2-BB82-D85011600164}.Release|iPhone.Build.0 = Release|Any CPU
>>>>>>> 185161f4a89d9d9360b88ecb2f88cfc28eb7001b
	EndGlobalSection
EndGlobal
